
Microsoft Visual Studio Solution File, Format Version 12.00
# Visual Studio Version 16
VisualStudioVersion = 16.0.28729.10
MinimumVisualStudioVersion = 10.0.40219.1
Project("{2150E333-8FDC-42A3-9474-1A3956D46DE8}") = "Servers", "Servers", "{5AD24B84-2A9E-405A-995E-B9CD90B4FC1D}"
EndProject
Project("{2150E333-8FDC-42A3-9474-1A3956D46DE8}") = "Solution Items", "Solution Items", "{C3FC061C-EF62-40FF-AE3A-84D868556F67}"
	ProjectSection(SolutionItems) = preProject
		.editorconfig = .editorconfig
	EndProjectSection
EndProject
Project("{2150E333-8FDC-42A3-9474-1A3956D46DE8}") = "Tests", "Tests", "{FD570A12-05AF-46F8-9124-8D39BB60CE1F}"
EndProject
Project("{9A19103F-16F7-4668-BE54-9A1E7A4F7556}") = "AuthTest", "Tests\AuthTest\AuthTest.csproj", "{07AAE6DA-4155-4871-B482-03ECF381F56A}"
EndProject
Project("{2150E333-8FDC-42A3-9474-1A3956D46DE8}") = "Clients", "Clients", "{07A3087B-00D5-4AB4-B199-C4ADE0726BF0}"
EndProject
Project("{9A19103F-16F7-4668-BE54-9A1E7A4F7556}") = "SHC Client", "Clients\SHC Client\SHC Client.csproj", "{B9909471-20BD-425C-893D-5E78E602797B}"
EndProject
Project("{9A19103F-16F7-4668-BE54-9A1E7A4F7556}") = "SHCServer", "Servers\SHCServer\SHCServer.csproj", "{91D1389E-236A-4935-A69F-5C167193A609}"
EndProject
Project("{9A19103F-16F7-4668-BE54-9A1E7A4F7556}") = "SHC Admin", "Clients\SHC Admin\SHC Admin.csproj", "{182AC04E-60B4-4604-846F-F4FBD1609D2C}"
EndProject
Project("{9A19103F-16F7-4668-BE54-9A1E7A4F7556}") = "SHC Outside", "Clients\SHC Outside\SHC Outside.csproj", "{DB6B1B51-5E44-4C4B-9199-4D1E460F1D79}"
EndProject
Global
	GlobalSection(SolutionConfigurationPlatforms) = preSolution
		Debug|Any CPU = Debug|Any CPU
		Release|Any CPU = Release|Any CPU
	EndGlobalSection
	GlobalSection(ProjectConfigurationPlatforms) = postSolution
		{07AAE6DA-4155-4871-B482-03ECF381F56A}.Debug|Any CPU.ActiveCfg = Debug|Any CPU
		{07AAE6DA-4155-4871-B482-03ECF381F56A}.Debug|Any CPU.Build.0 = Debug|Any CPU
		{07AAE6DA-4155-4871-B482-03ECF381F56A}.Release|Any CPU.ActiveCfg = Release|Any CPU
		{07AAE6DA-4155-4871-B482-03ECF381F56A}.Release|Any CPU.Build.0 = Release|Any CPU
		{B9909471-20BD-425C-893D-5E78E602797B}.Debug|Any CPU.ActiveCfg = Debug|Any CPU
		{B9909471-20BD-425C-893D-5E78E602797B}.Debug|Any CPU.Build.0 = Debug|Any CPU
		{B9909471-20BD-425C-893D-5E78E602797B}.Release|Any CPU.ActiveCfg = Release|Any CPU
		{B9909471-20BD-425C-893D-5E78E602797B}.Release|Any CPU.Build.0 = Release|Any CPU
		{91D1389E-236A-4935-A69F-5C167193A609}.Debug|Any CPU.ActiveCfg = Debug|Any CPU
		{91D1389E-236A-4935-A69F-5C167193A609}.Debug|Any CPU.Build.0 = Debug|Any CPU
		{91D1389E-236A-4935-A69F-5C167193A609}.Release|Any CPU.ActiveCfg = Release|Any CPU
		{91D1389E-236A-4935-A69F-5C167193A609}.Release|Any CPU.Build.0 = Release|Any CPU
		{182AC04E-60B4-4604-846F-F4FBD1609D2C}.Debug|Any CPU.ActiveCfg = Debug|Any CPU
		{182AC04E-60B4-4604-846F-F4FBD1609D2C}.Debug|Any CPU.Build.0 = Debug|Any CPU
		{182AC04E-60B4-4604-846F-F4FBD1609D2C}.Release|Any CPU.ActiveCfg = Release|Any CPU
		{182AC04E-60B4-4604-846F-F4FBD1609D2C}.Release|Any CPU.Build.0 = Release|Any CPU
		{DB6B1B51-5E44-4C4B-9199-4D1E460F1D79}.Debug|Any CPU.ActiveCfg = Debug|Any CPU
		{DB6B1B51-5E44-4C4B-9199-4D1E460F1D79}.Debug|Any CPU.Build.0 = Debug|Any CPU
		{DB6B1B51-5E44-4C4B-9199-4D1E460F1D79}.Release|Any CPU.ActiveCfg = Release|Any CPU
		{DB6B1B51-5E44-4C4B-9199-4D1E460F1D79}.Release|Any CPU.Build.0 = Release|Any CPU
	EndGlobalSection
	GlobalSection(SolutionProperties) = preSolution
		HideSolutionNode = FALSE
	EndGlobalSection
	GlobalSection(NestedProjects) = preSolution
		{07AAE6DA-4155-4871-B482-03ECF381F56A} = {FD570A12-05AF-46F8-9124-8D39BB60CE1F}
		{B9909471-20BD-425C-893D-5E78E602797B} = {07A3087B-00D5-4AB4-B199-C4ADE0726BF0}
		{91D1389E-236A-4935-A69F-5C167193A609} = {5AD24B84-2A9E-405A-995E-B9CD90B4FC1D}
		{182AC04E-60B4-4604-846F-F4FBD1609D2C} = {07A3087B-00D5-4AB4-B199-C4ADE0726BF0}
		{DB6B1B51-5E44-4C4B-9199-4D1E460F1D79} = {07A3087B-00D5-4AB4-B199-C4ADE0726BF0}
	EndGlobalSection
	GlobalSection(ExtensibilityGlobals) = postSolution
		SolutionGuid = {7E5B09ED-59D3-485B-95DB-CF78F459C621}
	EndGlobalSection
EndGlobal
